
Microsoft Visual Studio Solution File, Format Version 12.00
# Visual Studio 15
VisualStudioVersion = 15.0.27004.2006
MinimumVisualStudioVersion = 10.0.40219.1
Project("{9A19103F-16F7-4668-BE54-9A1E7A4F7556}") = "AnimeListBot", "MyAnimeListBot\AnimeListBot.csproj", "{4034F5FB-54BD-42C3-8BED-EA803A439987}"
EndProject
Project("{9A19103F-16F7-4668-BE54-9A1E7A4F7556}") = "JikanDotNet", "jikan.net\JikanDotNet\JikanDotNet\JikanDotNet.csproj", "{D50E9247-503E-4B93-B3F2-5DFEDC9638BA}"
EndProject
Project("{9A19103F-16F7-4668-BE54-9A1E7A4F7556}") = "GraphQL.Client", "graphql-client\src\GraphQL.Client\GraphQL.Client.csproj", "{F4771BBE-433F-4AE2-9449-866BA5915428}"
EndProject
Project("{9A19103F-16F7-4668-BE54-9A1E7A4F7556}") = "GraphQL", "graphql-dotnet\src\GraphQL\GraphQL.csproj", "{08E89C1F-D305-4A00-8FC2-423BEDD2045F}"
EndProject
Project("{9A19103F-16F7-4668-BE54-9A1E7A4F7556}") = "GraphQL.Common", "graphql-client\src\GraphQL.Common\GraphQL.Common.csproj", "{9629E912-5EAA-4555-9EBF-6D60D133E934}"
EndProject
Global
	GlobalSection(SolutionConfigurationPlatforms) = preSolution
		Debug|Any CPU = Debug|Any CPU
		Release|Any CPU = Release|Any CPU
	EndGlobalSection
	GlobalSection(ProjectConfigurationPlatforms) = postSolution
		{4034F5FB-54BD-42C3-8BED-EA803A439987}.Debug|Any CPU.ActiveCfg = Debug|Any CPU
		{4034F5FB-54BD-42C3-8BED-EA803A439987}.Debug|Any CPU.Build.0 = Debug|Any CPU
		{4034F5FB-54BD-42C3-8BED-EA803A439987}.Release|Any CPU.ActiveCfg = Release|Any CPU
		{4034F5FB-54BD-42C3-8BED-EA803A439987}.Release|Any CPU.Build.0 = Release|Any CPU
		{D50E9247-503E-4B93-B3F2-5DFEDC9638BA}.Debug|Any CPU.ActiveCfg = Debug|Any CPU
		{D50E9247-503E-4B93-B3F2-5DFEDC9638BA}.Debug|Any CPU.Build.0 = Debug|Any CPU
		{D50E9247-503E-4B93-B3F2-5DFEDC9638BA}.Release|Any CPU.ActiveCfg = Release|Any CPU
		{D50E9247-503E-4B93-B3F2-5DFEDC9638BA}.Release|Any CPU.Build.0 = Release|Any CPU
		{F4771BBE-433F-4AE2-9449-866BA5915428}.Debug|Any CPU.ActiveCfg = Debug|Any CPU
		{F4771BBE-433F-4AE2-9449-866BA5915428}.Debug|Any CPU.Build.0 = Debug|Any CPU
		{F4771BBE-433F-4AE2-9449-866BA5915428}.Release|Any CPU.ActiveCfg = Release|Any CPU
		{F4771BBE-433F-4AE2-9449-866BA5915428}.Release|Any CPU.Build.0 = Release|Any CPU
		{08E89C1F-D305-4A00-8FC2-423BEDD2045F}.Debug|Any CPU.ActiveCfg = Debug|Any CPU
		{08E89C1F-D305-4A00-8FC2-423BEDD2045F}.Debug|Any CPU.Build.0 = Debug|Any CPU
		{08E89C1F-D305-4A00-8FC2-423BEDD2045F}.Release|Any CPU.ActiveCfg = Release|Any CPU
		{08E89C1F-D305-4A00-8FC2-423BEDD2045F}.Release|Any CPU.Build.0 = Release|Any CPU
		{9629E912-5EAA-4555-9EBF-6D60D133E934}.Debug|Any CPU.ActiveCfg = Debug|Any CPU
		{9629E912-5EAA-4555-9EBF-6D60D133E934}.Debug|Any CPU.Build.0 = Debug|Any CPU
		{9629E912-5EAA-4555-9EBF-6D60D133E934}.Release|Any CPU.ActiveCfg = Release|Any CPU
		{9629E912-5EAA-4555-9EBF-6D60D133E934}.Release|Any CPU.Build.0 = Release|Any CPU
	EndGlobalSection
	GlobalSection(SolutionProperties) = preSolution
		HideSolutionNode = FALSE
	EndGlobalSection
	GlobalSection(ExtensibilityGlobals) = postSolution
		SolutionGuid = {62ED3304-A5F7-41C3-BD83-D32C8CD64A69}
	EndGlobalSection
EndGlobal
