
Microsoft Visual Studio Solution File, Format Version 12.00
# Visual Studio Version 16
VisualStudioVersion = 16.0.28407.52
MinimumVisualStudioVersion = 10.0.40219.1
Project("{9A19103F-16F7-4668-BE54-9A1E7A4F7556}") = "AnimeListBot", "AnimeListBot\AnimeListBot.csproj", "{4034F5FB-54BD-42C3-8BED-EA803A439987}"
EndProject
Global
	GlobalSection(SolutionConfigurationPlatforms) = preSolution
		Debug|Any CPU = Debug|Any CPU
		Release|Any CPU = Release|Any CPU
	EndGlobalSection
	GlobalSection(ProjectConfigurationPlatforms) = postSolution
		{4034F5FB-54BD-42C3-8BED-EA803A439987}.Debug|Any CPU.ActiveCfg = Debug|Any CPU
		{4034F5FB-54BD-42C3-8BED-EA803A439987}.Debug|Any CPU.Build.0 = Debug|Any CPU
		{4034F5FB-54BD-42C3-8BED-EA803A439987}.Release|Any CPU.ActiveCfg = Release|Any CPU
		{4034F5FB-54BD-42C3-8BED-EA803A439987}.Release|Any CPU.Build.0 = Release|Any CPU
	EndGlobalSection
	GlobalSection(SolutionProperties) = preSolution
		HideSolutionNode = FALSE
	EndGlobalSection
	GlobalSection(ExtensibilityGlobals) = postSolution
		SolutionGuid = {62ED3304-A5F7-41C3-BD83-D32C8CD64A69}
	EndGlobalSection
EndGlobal
