
Microsoft Visual Studio Solution File, Format Version 12.00
# Visual Studio 15
VisualStudioVersion = 15.0.27004.2006
MinimumVisualStudioVersion = 10.0.40219.1
Project("{9A19103F-16F7-4668-BE54-9A1E7A4F7556}") = "MyAnimeListBot", "MyAnimeListBot\MyAnimeListBot.csproj", "{4034F5FB-54BD-42C3-8BED-EA803A439987}"
EndProject
Project("{9A19103F-16F7-4668-BE54-9A1E7A4F7556}") = "JikanDotNet", "jikan.net\JikanDotNet\JikanDotNet\JikanDotNet.csproj", "{D50E9247-503E-4B93-B3F2-5DFEDC9638BA}"
EndProject
Global
	GlobalSection(SolutionConfigurationPlatforms) = preSolution
		Debug|Any CPU = Debug|Any CPU
		Release|Any CPU = Release|Any CPU
	EndGlobalSection
	GlobalSection(ProjectConfigurationPlatforms) = postSolution
		{4034F5FB-54BD-42C3-8BED-EA803A439987}.Debug|Any CPU.ActiveCfg = Debug|Any CPU
		{4034F5FB-54BD-42C3-8BED-EA803A439987}.Debug|Any CPU.Build.0 = Debug|Any CPU
		{4034F5FB-54BD-42C3-8BED-EA803A439987}.Release|Any CPU.ActiveCfg = Release|Any CPU
		{4034F5FB-54BD-42C3-8BED-EA803A439987}.Release|Any CPU.Build.0 = Release|Any CPU
		{D50E9247-503E-4B93-B3F2-5DFEDC9638BA}.Debug|Any CPU.ActiveCfg = Debug|Any CPU
		{D50E9247-503E-4B93-B3F2-5DFEDC9638BA}.Debug|Any CPU.Build.0 = Debug|Any CPU
		{D50E9247-503E-4B93-B3F2-5DFEDC9638BA}.Release|Any CPU.ActiveCfg = Release|Any CPU
		{D50E9247-503E-4B93-B3F2-5DFEDC9638BA}.Release|Any CPU.Build.0 = Release|Any CPU
	EndGlobalSection
	GlobalSection(SolutionProperties) = preSolution
		HideSolutionNode = FALSE
	EndGlobalSection
	GlobalSection(ExtensibilityGlobals) = postSolution
		SolutionGuid = {62ED3304-A5F7-41C3-BD83-D32C8CD64A69}
	EndGlobalSection
EndGlobal
